
Microsoft Visual Studio Solution File, Format Version 12.00
# Visual Studio Version 17
VisualStudioVersion = 17.9.34622.214
MinimumVisualStudioVersion = 10.0.40219.1
Project("{FAE04EC0-301F-11D3-BF4B-00C04F79EFBC}") = "3DLEARNING.Server", "3DLEARNING.Server\3DLEARNING.Server.csproj", "{6E7B06F6-537B-4797-878A-A0A461C4A316}"
EndProject
Project("{54A90642-561A-4BB1-A94E-469ADEE60C69}") = "3dlearning.client", "3dlearning.client\3dlearning.client.esproj", "{18961CCB-9D70-4017-9A43-F61E47C093BF}"
EndProject
Global
	GlobalSection(SolutionConfigurationPlatforms) = preSolution
		Debug|Any CPU = Debug|Any CPU
		Release|Any CPU = Release|Any CPU
	EndGlobalSection
	GlobalSection(ProjectConfigurationPlatforms) = postSolution
		{6E7B06F6-537B-4797-878A-A0A461C4A316}.Debug|Any CPU.ActiveCfg = Debug|Any CPU
		{6E7B06F6-537B-4797-878A-A0A461C4A316}.Debug|Any CPU.Build.0 = Debug|Any CPU
		{6E7B06F6-537B-4797-878A-A0A461C4A316}.Release|Any CPU.ActiveCfg = Release|Any CPU
		{6E7B06F6-537B-4797-878A-A0A461C4A316}.Release|Any CPU.Build.0 = Release|Any CPU
		{18961CCB-9D70-4017-9A43-F61E47C093BF}.Debug|Any CPU.ActiveCfg = Debug|Any CPU
		{18961CCB-9D70-4017-9A43-F61E47C093BF}.Debug|Any CPU.Build.0 = Debug|Any CPU
		{18961CCB-9D70-4017-9A43-F61E47C093BF}.Debug|Any CPU.Deploy.0 = Debug|Any CPU
		{18961CCB-9D70-4017-9A43-F61E47C093BF}.Release|Any CPU.ActiveCfg = Release|Any CPU
		{18961CCB-9D70-4017-9A43-F61E47C093BF}.Release|Any CPU.Build.0 = Release|Any CPU
		{18961CCB-9D70-4017-9A43-F61E47C093BF}.Release|Any CPU.Deploy.0 = Release|Any CPU
	EndGlobalSection
	GlobalSection(SolutionProperties) = preSolution
		HideSolutionNode = FALSE
	EndGlobalSection
	GlobalSection(ExtensibilityGlobals) = postSolution
		SolutionGuid = {830C1002-2172-4842-8682-B3414C03C006}
	EndGlobalSection
EndGlobal
